
Microsoft Visual Studio Solution File, Format Version 12.00
# Visual Studio 2012
Project("{FAE04EC0-301F-11D3-BF4B-00C04F79EFBC}") = "jqm-pageEventRouter", "jqm-pageEventRouter\jqm-pageEventRouter.csproj", "{752B86F0-9F6C-44D1-9FE3-AB9CA1BED805}"
EndProject
Global
	GlobalSection(SolutionConfigurationPlatforms) = preSolution
		Debug|Any CPU = Debug|Any CPU
		Release|Any CPU = Release|Any CPU
	EndGlobalSection
	GlobalSection(ProjectConfigurationPlatforms) = postSolution
		{752B86F0-9F6C-44D1-9FE3-AB9CA1BED805}.Debug|Any CPU.ActiveCfg = Debug|Any CPU
		{752B86F0-9F6C-44D1-9FE3-AB9CA1BED805}.Debug|Any CPU.Build.0 = Debug|Any CPU
		{752B86F0-9F6C-44D1-9FE3-AB9CA1BED805}.Release|Any CPU.ActiveCfg = Release|Any CPU
		{752B86F0-9F6C-44D1-9FE3-AB9CA1BED805}.Release|Any CPU.Build.0 = Release|Any CPU
	EndGlobalSection
	GlobalSection(SolutionProperties) = preSolution
		HideSolutionNode = FALSE
	EndGlobalSection
EndGlobal
